// !$*UTF8*$!
{
	archiveVersion = 1;
	classes = {
	};
	objectVersion = 55;
	objects = {

/* Begin PBXBuildFile section */
		A866733F27F6D70E00B7788E /* astcenc_pick_best_endpoint_format.cpp in Sources */ = {isa = PBXBuildFile; fileRef = A866730727F6D70E00B7788E /* astcenc_pick_best_endpoint_format.cpp */; };
		A866734027F6D70E00B7788E /* astcenc_integer_sequence.cpp in Sources */ = {isa = PBXBuildFile; fileRef = A866730927F6D70E00B7788E /* astcenc_integer_sequence.cpp */; };
		A866734127F6D70E00B7788E /* astcenc_compute_variance.cpp in Sources */ = {isa = PBXBuildFile; fileRef = A866730B27F6D70E00B7788E /* astcenc_compute_variance.cpp */; };
		A866734227F6D70F00B7788E /* astcenc_quantization.cpp in Sources */ = {isa = PBXBuildFile; fileRef = A866730C27F6D70E00B7788E /* astcenc_quantization.cpp */; };
		A866734627F6D70F00B7788E /* astcenc_color_unquantize.cpp in Sources */ = {isa = PBXBuildFile; fileRef = A866731327F6D70E00B7788E /* astcenc_color_unquantize.cpp */; };
		A866734827F6D70F00B7788E /* astcenc_mathlib_softfloat.cpp in Sources */ = {isa = PBXBuildFile; fileRef = A866731527F6D70E00B7788E /* astcenc_mathlib_softfloat.cpp */; };
		A866734927F6D70F00B7788E /* astcenc_weight_quant_xfer_tables.cpp in Sources */ = {isa = PBXBuildFile; fileRef = A866731727F6D70E00B7788E /* astcenc_weight_quant_xfer_tables.cpp */; };
		A866734A27F6D70F00B7788E /* astcenc_percentile_tables.cpp in Sources */ = {isa = PBXBuildFile; fileRef = A866731A27F6D70E00B7788E /* astcenc_percentile_tables.cpp */; };
		A866734B27F6D70F00B7788E /* astcenc_partition_tables.cpp in Sources */ = {isa = PBXBuildFile; fileRef = A866731B27F6D70E00B7788E /* astcenc_partition_tables.cpp */; };
		A866734C27F6D70F00B7788E /* astcenc_decompress_symbolic.cpp in Sources */ = {isa = PBXBuildFile; fileRef = A866731C27F6D70E00B7788E /* astcenc_decompress_symbolic.cpp */; };
		A866734E27F6D70F00B7788E /* astcenc_color_quantize.cpp in Sources */ = {isa = PBXBuildFile; fileRef = A866731E27F6D70E00B7788E /* astcenc_color_quantize.cpp */; };
		A866734F27F6D70F00B7788E /* astcenc_platform_isa_detection.cpp in Sources */ = {isa = PBXBuildFile; fileRef = A866732027F6D70E00B7788E /* astcenc_platform_isa_detection.cpp */; };
		A866735027F6D70F00B7788E /* astcenc_block_sizes.cpp in Sources */ = {isa = PBXBuildFile; fileRef = A866732227F6D70E00B7788E /* astcenc_block_sizes.cpp */; };
		A866735127F6D70F00B7788E /* astcenc_image.cpp in Sources */ = {isa = PBXBuildFile; fileRef = A866732327F6D70E00B7788E /* astcenc_image.cpp */; };
		A866735227F6D70F00B7788E /* astcenc_compress_symbolic.cpp in Sources */ = {isa = PBXBuildFile; fileRef = A866732627F6D70E00B7788E /* astcenc_compress_symbolic.cpp */; };
		A866735327F6D70F00B7788E /* astcenc_ideal_endpoints_and_weights.cpp in Sources */ = {isa = PBXBuildFile; fileRef = A866732727F6D70E00B7788E /* astcenc_ideal_endpoints_and_weights.cpp */; };
		A866735727F6D70F00B7788E /* astcenc_mathlib.cpp in Sources */ = {isa = PBXBuildFile; fileRef = A866732D27F6D70E00B7788E /* astcenc_mathlib.cpp */; };
		A866735927F6D70F00B7788E /* astcenc_find_best_partitioning.cpp in Sources */ = {isa = PBXBuildFile; fileRef = A866733027F6D70E00B7788E /* astcenc_find_best_partitioning.cpp */; };
		A866735A27F6D70F00B7788E /* astcenc_diagnostic_trace.cpp in Sources */ = {isa = PBXBuildFile; fileRef = A866733227F6D70E00B7788E /* astcenc_diagnostic_trace.cpp */; };
		A866735B27F6D70F00B7788E /* astcenc_symbolic_physical.cpp in Sources */ = {isa = PBXBuildFile; fileRef = A866733327F6D70E00B7788E /* astcenc_symbolic_physical.cpp */; };
		A866735C27F6D70F00B7788E /* astcenc_weight_align.cpp in Sources */ = {isa = PBXBuildFile; fileRef = A866733527F6D70E00B7788E /* astcenc_weight_align.cpp */; };
		A866735E27F6D70F00B7788E /* astcenc_entry.cpp in Sources */ = {isa = PBXBuildFile; fileRef = A866733B27F6D70E00B7788E /* astcenc_entry.cpp */; };
		A866735F27F6D70F00B7788E /* astcenc_averages_and_directions.cpp in Sources */ = {isa = PBXBuildFile; fileRef = A866733D27F6D70E00B7788E /* astcenc_averages_and_directions.cpp */; };
/* End PBXBuildFile section */

/* Begin PBXCopyFilesBuildPhase section */
		A86672F827F6D6B400B7788E /* CopyFiles */ = {
			isa = PBXCopyFilesBuildPhase;
			buildActionMask = 2147483647;
			dstPath = "include/$(PRODUCT_NAME)";
			dstSubfolderSpec = 16;
			files = (
			);
			runOnlyForDeploymentPostprocessing = 0;
		};
/* End PBXCopyFilesBuildPhase section */

/* Begin PBXFileReference section */
		A86672FA27F6D6B400B7788E /* libASTCEncoderLibrary.a */ = {isa = PBXFileReference; explicitFileType = archive.ar; includeInIndex = 0; path = libASTCEncoderLibrary.a; sourceTree = BUILT_PRODUCTS_DIR; };
		A866730727F6D70E00B7788E /* astcenc_pick_best_endpoint_format.cpp */ = {isa = PBXFileReference; fileEncoding = 4; lastKnownFileType = sourcecode.cpp.cpp; path = astcenc_pick_best_endpoint_format.cpp; sourceTree = "<group>"; };
		A866730827F6D70E00B7788E /* astcenc_diagnostic_trace.h */ = {isa = PBXFileReference; fileEncoding = 4; lastKnownFileType = sourcecode.c.h; path = astcenc_diagnostic_trace.h; sourceTree = "<group>"; };
		A866730927F6D70E00B7788E /* astcenc_integer_sequence.cpp */ = {isa = PBXFileReference; fileEncoding = 4; lastKnownFileType = sourcecode.cpp.cpp; path = astcenc_integer_sequence.cpp; sourceTree = "<group>"; };
		A866730A27F6D70E00B7788E /* astcenc_vecmathlib.h */ = {isa = PBXFileReference; fileEncoding = 4; lastKnownFileType = sourcecode.c.h; path = astcenc_vecmathlib.h; sourceTree = "<group>"; };
		A866730B27F6D70E00B7788E /* astcenc_compute_variance.cpp */ = {isa = PBXFileReference; fileEncoding = 4; lastKnownFileType = sourcecode.cpp.cpp; path = astcenc_compute_variance.cpp; sourceTree = "<group>"; };
		A866730C27F6D70E00B7788E /* astcenc_quantization.cpp */ = {isa = PBXFileReference; fileEncoding = 4; lastKnownFileType = sourcecode.cpp.cpp; path = astcenc_quantization.cpp; sourceTree = "<group>"; };
		A866731327F6D70E00B7788E /* astcenc_color_unquantize.cpp */ = {isa = PBXFileReference; fileEncoding = 4; lastKnownFileType = sourcecode.cpp.cpp; path = astcenc_color_unquantize.cpp; sourceTree = "<group>"; };
		A866731527F6D70E00B7788E /* astcenc_mathlib_softfloat.cpp */ = {isa = PBXFileReference; fileEncoding = 4; lastKnownFileType = sourcecode.cpp.cpp; path = astcenc_mathlib_softfloat.cpp; sourceTree = "<group>"; };
		A866731727F6D70E00B7788E /* astcenc_weight_quant_xfer_tables.cpp */ = {isa = PBXFileReference; fileEncoding = 4; lastKnownFileType = sourcecode.cpp.cpp; path = astcenc_weight_quant_xfer_tables.cpp; sourceTree = "<group>"; };
		A866731927F6D70E00B7788E /* astcenc_vecmathlib_avx2_8.h */ = {isa = PBXFileReference; fileEncoding = 4; lastKnownFileType = sourcecode.c.h; path = astcenc_vecmathlib_avx2_8.h; sourceTree = "<group>"; };
		A866731A27F6D70E00B7788E /* astcenc_percentile_tables.cpp */ = {isa = PBXFileReference; fileEncoding = 4; lastKnownFileType = sourcecode.cpp.cpp; path = astcenc_percentile_tables.cpp; sourceTree = "<group>"; };
		A866731B27F6D70E00B7788E /* astcenc_partition_tables.cpp */ = {isa = PBXFileReference; fileEncoding = 4; lastKnownFileType = sourcecode.cpp.cpp; path = astcenc_partition_tables.cpp; sourceTree = "<group>"; };
		A866731C27F6D70E00B7788E /* astcenc_decompress_symbolic.cpp */ = {isa = PBXFileReference; fileEncoding = 4; lastKnownFileType = sourcecode.cpp.cpp; path = astcenc_decompress_symbolic.cpp; sourceTree = "<group>"; };
		A866731E27F6D70E00B7788E /* astcenc_color_quantize.cpp */ = {isa = PBXFileReference; fileEncoding = 4; lastKnownFileType = sourcecode.cpp.cpp; path = astcenc_color_quantize.cpp; sourceTree = "<group>"; };
		A866731F27F6D70E00B7788E /* astcenc.h */ = {isa = PBXFileReference; fileEncoding = 4; lastKnownFileType = sourcecode.c.h; path = astcenc.h; sourceTree = "<group>"; };
		A866732027F6D70E00B7788E /* astcenc_platform_isa_detection.cpp */ = {isa = PBXFileReference; fileEncoding = 4; lastKnownFileType = sourcecode.cpp.cpp; path = astcenc_platform_isa_detection.cpp; sourceTree = "<group>"; };
		A866732127F6D70E00B7788E /* astcenccli_internal.h */ = {isa = PBXFileReference; fileEncoding = 4; lastKnownFileType = sourcecode.c.h; path = astcenccli_internal.h; sourceTree = "<group>"; };
		A866732227F6D70E00B7788E /* astcenc_block_sizes.cpp */ = {isa = PBXFileReference; fileEncoding = 4; lastKnownFileType = sourcecode.cpp.cpp; path = astcenc_block_sizes.cpp; sourceTree = "<group>"; };
		A866732327F6D70E00B7788E /* astcenc_image.cpp */ = {isa = PBXFileReference; fileEncoding = 4; lastKnownFileType = sourcecode.cpp.cpp; path = astcenc_image.cpp; sourceTree = "<group>"; };
		A866732527F6D70E00B7788E /* astcenc_internal.h */ = {isa = PBXFileReference; fileEncoding = 4; lastKnownFileType = sourcecode.c.h; path = astcenc_internal.h; sourceTree = "<group>"; };
		A866732627F6D70E00B7788E /* astcenc_compress_symbolic.cpp */ = {isa = PBXFileReference; fileEncoding = 4; lastKnownFileType = sourcecode.cpp.cpp; path = astcenc_compress_symbolic.cpp; sourceTree = "<group>"; };
		A866732727F6D70E00B7788E /* astcenc_ideal_endpoints_and_weights.cpp */ = {isa = PBXFileReference; fileEncoding = 4; lastKnownFileType = sourcecode.cpp.cpp; path = astcenc_ideal_endpoints_and_weights.cpp; sourceTree = "<group>"; };
		A866732B27F6D70E00B7788E /* astcenc_vecmathlib_sse_4.h */ = {isa = PBXFileReference; fileEncoding = 4; lastKnownFileType = sourcecode.c.h; path = astcenc_vecmathlib_sse_4.h; sourceTree = "<group>"; };
		A866732D27F6D70E00B7788E /* astcenc_mathlib.cpp */ = {isa = PBXFileReference; fileEncoding = 4; lastKnownFileType = sourcecode.cpp.cpp; path = astcenc_mathlib.cpp; sourceTree = "<group>"; };
		A866733027F6D70E00B7788E /* astcenc_find_best_partitioning.cpp */ = {isa = PBXFileReference; fileEncoding = 4; lastKnownFileType = sourcecode.cpp.cpp; path = astcenc_find_best_partitioning.cpp; sourceTree = "<group>"; };
		A866733127F6D70E00B7788E /* astcenc_vecmathlib_neon_4.h */ = {isa = PBXFileReference; fileEncoding = 4; lastKnownFileType = sourcecode.c.h; path = astcenc_vecmathlib_neon_4.h; sourceTree = "<group>"; };
		A866733227F6D70E00B7788E /* astcenc_diagnostic_trace.cpp */ = {isa = PBXFileReference; fileEncoding = 4; lastKnownFileType = sourcecode.cpp.cpp; path = astcenc_diagnostic_trace.cpp; sourceTree = "<group>"; };
		A866733327F6D70E00B7788E /* astcenc_symbolic_physical.cpp */ = {isa = PBXFileReference; fileEncoding = 4; lastKnownFileType = sourcecode.cpp.cpp; path = astcenc_symbolic_physical.cpp; sourceTree = "<group>"; };
		A866733427F6D70E00B7788E /* tinyexr.h */ = {isa = PBXFileReference; fileEncoding = 4; lastKnownFileType = sourcecode.c.h; path = tinyexr.h; sourceTree = "<group>"; };
		A866733527F6D70E00B7788E /* astcenc_weight_align.cpp */ = {isa = PBXFileReference; fileEncoding = 4; lastKnownFileType = sourcecode.cpp.cpp; path = astcenc_weight_align.cpp; sourceTree = "<group>"; };
		A866733627F6D70E00B7788E /* astcenccli_version.h.in */ = {isa = PBXFileReference; fileEncoding = 4; lastKnownFileType = text; path = astcenccli_version.h.in; sourceTree = "<group>"; };
		A866733A27F6D70E00B7788E /* astcenc_vecmathlib_none_4.h */ = {isa = PBXFileReference; fileEncoding = 4; lastKnownFileType = sourcecode.c.h; path = astcenc_vecmathlib_none_4.h; sourceTree = "<group>"; };
		A866733B27F6D70E00B7788E /* astcenc_entry.cpp */ = {isa = PBXFileReference; fileEncoding = 4; lastKnownFileType = sourcecode.cpp.cpp; path = astcenc_entry.cpp; sourceTree = "<group>"; };
		A866733C27F6D70E00B7788E /* astcenc_vecmathlib_common_4.h */ = {isa = PBXFileReference; fileEncoding = 4; lastKnownFileType = sourcecode.c.h; path = astcenc_vecmathlib_common_4.h; sourceTree = "<group>"; };
		A866733D27F6D70E00B7788E /* astcenc_averages_and_directions.cpp */ = {isa = PBXFileReference; fileEncoding = 4; lastKnownFileType = sourcecode.cpp.cpp; path = astcenc_averages_and_directions.cpp; sourceTree = "<group>"; };
		A866733E27F6D70E00B7788E /* astcenc_mathlib.h */ = {isa = PBXFileReference; fileEncoding = 4; lastKnownFileType = sourcecode.c.h; path = astcenc_mathlib.h; sourceTree = "<group>"; };
/* End PBXFileReference section */

/* Begin PBXFrameworksBuildPhase section */
		A86672F727F6D6B400B7788E /* Frameworks */ = {
			isa = PBXFrameworksBuildPhase;
			buildActionMask = 2147483647;
			files = (
			);
			runOnlyForDeploymentPostprocessing = 0;
		};
/* End PBXFrameworksBuildPhase section */

/* Begin PBXGroup section */
		A86672F127F6D6B400B7788E = {
			isa = PBXGroup;
			children = (
				A866730627F6D70E00B7788E /* Source */,
				A86672FB27F6D6B400B7788E /* Products */,
			);
			sourceTree = "<group>";
		};
		A86672FB27F6D6B400B7788E /* Products */ = {
			isa = PBXGroup;
			children = (
				A86672FA27F6D6B400B7788E /* libASTCEncoderLibrary.a */,
			);
			name = Products;
			sourceTree = "<group>";
		};
		A866730627F6D70E00B7788E /* Source */ = {
			isa = PBXGroup;
			children = (
				A866730727F6D70E00B7788E /* astcenc_pick_best_endpoint_format.cpp */,
				A866730827F6D70E00B7788E /* astcenc_diagnostic_trace.h */,
				A866730927F6D70E00B7788E /* astcenc_integer_sequence.cpp */,
				A866730A27F6D70E00B7788E /* astcenc_vecmathlib.h */,
				A866730B27F6D70E00B7788E /* astcenc_compute_variance.cpp */,
				A866730C27F6D70E00B7788E /* astcenc_quantization.cpp */,
				A866731327F6D70E00B7788E /* astcenc_color_unquantize.cpp */,
				A866731527F6D70E00B7788E /* astcenc_mathlib_softfloat.cpp */,
				A866731727F6D70E00B7788E /* astcenc_weight_quant_xfer_tables.cpp */,
				A866731927F6D70E00B7788E /* astcenc_vecmathlib_avx2_8.h */,
				A866731A27F6D70E00B7788E /* astcenc_percentile_tables.cpp */,
				A866731B27F6D70E00B7788E /* astcenc_partition_tables.cpp */,
				A866731C27F6D70E00B7788E /* astcenc_decompress_symbolic.cpp */,
				A866731E27F6D70E00B7788E /* astcenc_color_quantize.cpp */,
				A866731F27F6D70E00B7788E /* astcenc.h */,
				A866732027F6D70E00B7788E /* astcenc_platform_isa_detection.cpp */,
				A866732127F6D70E00B7788E /* astcenccli_internal.h */,
				A866732227F6D70E00B7788E /* astcenc_block_sizes.cpp */,
				A866732327F6D70E00B7788E /* astcenc_image.cpp */,
				A866732527F6D70E00B7788E /* astcenc_internal.h */,
				A866732627F6D70E00B7788E /* astcenc_compress_symbolic.cpp */,
				A866732727F6D70E00B7788E /* astcenc_ideal_endpoints_and_weights.cpp */,
				A866732B27F6D70E00B7788E /* astcenc_vecmathlib_sse_4.h */,
				A866732D27F6D70E00B7788E /* astcenc_mathlib.cpp */,
				A866733027F6D70E00B7788E /* astcenc_find_best_partitioning.cpp */,
				A866733127F6D70E00B7788E /* astcenc_vecmathlib_neon_4.h */,
				A866733227F6D70E00B7788E /* astcenc_diagnostic_trace.cpp */,
				A866733327F6D70E00B7788E /* astcenc_symbolic_physical.cpp */,
				A866733427F6D70E00B7788E /* tinyexr.h */,
				A866733527F6D70E00B7788E /* astcenc_weight_align.cpp */,
				A866733627F6D70E00B7788E /* astcenccli_version.h.in */,
				A866733A27F6D70E00B7788E /* astcenc_vecmathlib_none_4.h */,
				A866733B27F6D70E00B7788E /* astcenc_entry.cpp */,
				A866733C27F6D70E00B7788E /* astcenc_vecmathlib_common_4.h */,
				A866733D27F6D70E00B7788E /* astcenc_averages_and_directions.cpp */,
				A866733E27F6D70E00B7788E /* astcenc_mathlib.h */,
			);
			name = Source;
			path = ASTCEncoderLibrary/Source;
			sourceTree = "<group>";
		};
/* End PBXGroup section */

/* Begin PBXNativeTarget section */
		A86672F927F6D6B400B7788E /* ASTCEncoderLibrary */ = {
			isa = PBXNativeTarget;
			buildConfigurationList = A866730327F6D6B400B7788E /* Build configuration list for PBXNativeTarget "ASTCEncoderLibrary" */;
			buildPhases = (
				A86672F627F6D6B400B7788E /* Sources */,
				A86672F727F6D6B400B7788E /* Frameworks */,
				A86672F827F6D6B400B7788E /* CopyFiles */,
			);
			buildRules = (
			);
			dependencies = (
			);
			name = ASTCEncoderLibrary;
			productName = ASTCEncoderLibrary;
			productReference = A86672FA27F6D6B400B7788E /* libASTCEncoderLibrary.a */;
			productType = "com.apple.product-type.library.static";
		};
/* End PBXNativeTarget section */

/* Begin PBXProject section */
		A86672F227F6D6B400B7788E /* Project object */ = {
			isa = PBXProject;
			attributes = {
				BuildIndependentTargetsInParallel = 1;
				LastUpgradeCheck = 1320;
				TargetAttributes = {
					A86672F927F6D6B400B7788E = {
						CreatedOnToolsVersion = 13.2;
					};
				};
			};
			buildConfigurationList = A86672F527F6D6B400B7788E /* Build configuration list for PBXProject "ASTCEncoderLibrary" */;
			compatibilityVersion = "Xcode 13.0";
			developmentRegion = en;
			hasScannedForEncodings = 0;
			knownRegions = (
				en,
				Base,
			);
			mainGroup = A86672F127F6D6B400B7788E;
			productRefGroup = A86672FB27F6D6B400B7788E /* Products */;
			projectDirPath = "";
			projectRoot = "";
			targets = (
				A86672F927F6D6B400B7788E /* ASTCEncoderLibrary */,
			);
		};
/* End PBXProject section */

/* Begin PBXSourcesBuildPhase section */
		A86672F627F6D6B400B7788E /* Sources */ = {
			isa = PBXSourcesBuildPhase;
			buildActionMask = 2147483647;
			files = (
				A866735127F6D70F00B7788E /* astcenc_image.cpp in Sources */,
				A866734227F6D70F00B7788E /* astcenc_quantization.cpp in Sources */,
				A866735F27F6D70F00B7788E /* astcenc_averages_and_directions.cpp in Sources */,
				A866735A27F6D70F00B7788E /* astcenc_diagnostic_trace.cpp in Sources */,
				A866734827F6D70F00B7788E /* astcenc_mathlib_softfloat.cpp in Sources */,
				A866734F27F6D70F00B7788E /* astcenc_platform_isa_detection.cpp in Sources */,
				A866735B27F6D70F00B7788E /* astcenc_symbolic_physical.cpp in Sources */,
				A866735727F6D70F00B7788E /* astcenc_mathlib.cpp in Sources */,
				A866734C27F6D70F00B7788E /* astcenc_decompress_symbolic.cpp in Sources */,
				A866735C27F6D70F00B7788E /* astcenc_weight_align.cpp in Sources */,
				A866733F27F6D70E00B7788E /* astcenc_pick_best_endpoint_format.cpp in Sources */,
				A866734127F6D70E00B7788E /* astcenc_compute_variance.cpp in Sources */,
				A866735027F6D70F00B7788E /* astcenc_block_sizes.cpp in Sources */,
				A866734A27F6D70F00B7788E /* astcenc_percentile_tables.cpp in Sources */,
				A866735327F6D70F00B7788E /* astcenc_ideal_endpoints_and_weights.cpp in Sources */,
				A866735E27F6D70F00B7788E /* astcenc_entry.cpp in Sources */,
				A866734E27F6D70F00B7788E /* astcenc_color_quantize.cpp in Sources */,
				A866734927F6D70F00B7788E /* astcenc_weight_quant_xfer_tables.cpp in Sources */,
				A866735927F6D70F00B7788E /* astcenc_find_best_partitioning.cpp in Sources */,
				A866735227F6D70F00B7788E /* astcenc_compress_symbolic.cpp in Sources */,
				A866734027F6D70E00B7788E /* astcenc_integer_sequence.cpp in Sources */,
				A866734B27F6D70F00B7788E /* astcenc_partition_tables.cpp in Sources */,
				A866734627F6D70F00B7788E /* astcenc_color_unquantize.cpp in Sources */,
			);
			runOnlyForDeploymentPostprocessing = 0;
		};
/* End PBXSourcesBuildPhase section */

/* Begin XCBuildConfiguration section */
		A866730127F6D6B400B7788E /* Debug */ = {
			isa = XCBuildConfiguration;
			buildSettings = {
				ALWAYS_SEARCH_USER_PATHS = NO;
				CLANG_ANALYZER_NONNULL = YES;
				CLANG_ANALYZER_NUMBER_OBJECT_CONVERSION = YES_AGGRESSIVE;
				CLANG_CXX_LANGUAGE_STANDARD = "gnu++17";
				CLANG_CXX_LIBRARY = "libc++";
				CLANG_ENABLE_MODULES = YES;
				CLANG_ENABLE_OBJC_ARC = YES;
				CLANG_ENABLE_OBJC_WEAK = YES;
				CLANG_WARN_BLOCK_CAPTURE_AUTORELEASING = YES;
				CLANG_WARN_BOOL_CONVERSION = YES;
				CLANG_WARN_COMMA = YES;
				CLANG_WARN_CONSTANT_CONVERSION = YES;
				CLANG_WARN_DEPRECATED_OBJC_IMPLEMENTATIONS = YES;
				CLANG_WARN_DIRECT_OBJC_ISA_USAGE = YES_ERROR;
				CLANG_WARN_DOCUMENTATION_COMMENTS = YES;
				CLANG_WARN_EMPTY_BODY = YES;
				CLANG_WARN_ENUM_CONVERSION = YES;
				CLANG_WARN_INFINITE_RECURSION = YES;
				CLANG_WARN_INT_CONVERSION = YES;
				CLANG_WARN_NON_LITERAL_NULL_CONVERSION = YES;
				CLANG_WARN_OBJC_IMPLICIT_RETAIN_SELF = YES;
				CLANG_WARN_OBJC_LITERAL_CONVERSION = YES;
				CLANG_WARN_OBJC_ROOT_CLASS = YES_ERROR;
				CLANG_WARN_QUOTED_INCLUDE_IN_FRAMEWORK_HEADER = YES;
				CLANG_WARN_RANGE_LOOP_ANALYSIS = YES;
				CLANG_WARN_STRICT_PROTOTYPES = YES;
				CLANG_WARN_SUSPICIOUS_MOVE = YES;
				CLANG_WARN_UNGUARDED_AVAILABILITY = YES_AGGRESSIVE;
				CLANG_WARN_UNREACHABLE_CODE = YES;
				CLANG_WARN__DUPLICATE_METHOD_MATCH = YES;
				COPY_PHASE_STRIP = NO;
				DEBUG_INFORMATION_FORMAT = dwarf;
				ENABLE_STRICT_OBJC_MSGSEND = YES;
				ENABLE_TESTABILITY = YES;
				GCC_C_LANGUAGE_STANDARD = gnu11;
				GCC_DYNAMIC_NO_PIC = NO;
				GCC_NO_COMMON_BLOCKS = YES;
				GCC_OPTIMIZATION_LEVEL = 0;
				GCC_PREPROCESSOR_DEFINITIONS = (
					"DEBUG=1",
					"$(inherited)",
				);
				GCC_WARN_64_TO_32_BIT_CONVERSION = YES;
				GCC_WARN_ABOUT_RETURN_TYPE = YES_ERROR;
				GCC_WARN_UNDECLARED_SELECTOR = YES;
				GCC_WARN_UNINITIALIZED_AUTOS = YES_AGGRESSIVE;
				GCC_WARN_UNUSED_FUNCTION = YES;
				GCC_WARN_UNUSED_VARIABLE = YES;
				IPHONEOS_DEPLOYMENT_TARGET = 15.2;
				MTL_ENABLE_DEBUG_INFO = INCLUDE_SOURCE;
				MTL_FAST_MATH = YES;
				ONLY_ACTIVE_ARCH = YES;
				SDKROOT = iphoneos;
			};
			name = Debug;
		};
		A866730227F6D6B400B7788E /* Release */ = {
			isa = XCBuildConfiguration;
			buildSettings = {
				ALWAYS_SEARCH_USER_PATHS = NO;
				CLANG_ANALYZER_NONNULL = YES;
				CLANG_ANALYZER_NUMBER_OBJECT_CONVERSION = YES_AGGRESSIVE;
				CLANG_CXX_LANGUAGE_STANDARD = "gnu++17";
				CLANG_CXX_LIBRARY = "libc++";
				CLANG_ENABLE_MODULES = YES;
				CLANG_ENABLE_OBJC_ARC = YES;
				CLANG_ENABLE_OBJC_WEAK = YES;
				CLANG_WARN_BLOCK_CAPTURE_AUTORELEASING = YES;
				CLANG_WARN_BOOL_CONVERSION = YES;
				CLANG_WARN_COMMA = YES;
				CLANG_WARN_CONSTANT_CONVERSION = YES;
				CLANG_WARN_DEPRECATED_OBJC_IMPLEMENTATIONS = YES;
				CLANG_WARN_DIRECT_OBJC_ISA_USAGE = YES_ERROR;
				CLANG_WARN_DOCUMENTATION_COMMENTS = YES;
				CLANG_WARN_EMPTY_BODY = YES;
				CLANG_WARN_ENUM_CONVERSION = YES;
				CLANG_WARN_INFINITE_RECURSION = YES;
				CLANG_WARN_INT_CONVERSION = YES;
				CLANG_WARN_NON_LITERAL_NULL_CONVERSION = YES;
				CLANG_WARN_OBJC_IMPLICIT_RETAIN_SELF = YES;
				CLANG_WARN_OBJC_LITERAL_CONVERSION = YES;
				CLANG_WARN_OBJC_ROOT_CLASS = YES_ERROR;
				CLANG_WARN_QUOTED_INCLUDE_IN_FRAMEWORK_HEADER = YES;
				CLANG_WARN_RANGE_LOOP_ANALYSIS = YES;
				CLANG_WARN_STRICT_PROTOTYPES = YES;
				CLANG_WARN_SUSPICIOUS_MOVE = YES;
				CLANG_WARN_UNGUARDED_AVAILABILITY = YES_AGGRESSIVE;
				CLANG_WARN_UNREACHABLE_CODE = YES;
				CLANG_WARN__DUPLICATE_METHOD_MATCH = YES;
				COPY_PHASE_STRIP = NO;
				DEBUG_INFORMATION_FORMAT = "dwarf-with-dsym";
				ENABLE_NS_ASSERTIONS = NO;
				ENABLE_STRICT_OBJC_MSGSEND = YES;
				GCC_C_LANGUAGE_STANDARD = gnu11;
				GCC_NO_COMMON_BLOCKS = YES;
				GCC_WARN_64_TO_32_BIT_CONVERSION = YES;
				GCC_WARN_ABOUT_RETURN_TYPE = YES_ERROR;
				GCC_WARN_UNDECLARED_SELECTOR = YES;
				GCC_WARN_UNINITIALIZED_AUTOS = YES_AGGRESSIVE;
				GCC_WARN_UNUSED_FUNCTION = YES;
				GCC_WARN_UNUSED_VARIABLE = YES;
				IPHONEOS_DEPLOYMENT_TARGET = 15.2;
				MTL_ENABLE_DEBUG_INFO = NO;
				MTL_FAST_MATH = YES;
				SDKROOT = iphoneos;
				VALIDATE_PRODUCT = YES;
			};
			name = Release;
		};
		A866730427F6D6B400B7788E /* Debug */ = {
			isa = XCBuildConfiguration;
			buildSettings = {
				CLANG_CXX_LANGUAGE_STANDARD = "c++14";
				CODE_SIGN_STYLE = Automatic;
				IPHONEOS_DEPLOYMENT_TARGET = 9.0;
				OTHER_LDFLAGS = "-ObjC";
				PRODUCT_NAME = "$(TARGET_NAME)";
				SKIP_INSTALL = YES;
				TARGETED_DEVICE_FAMILY = "1,2";
			};
			name = Debug;
		};
		A866730527F6D6B400B7788E /* Release */ = {
			isa = XCBuildConfiguration;
			buildSettings = {
				CLANG_CXX_LANGUAGE_STANDARD = "c++14";
				CODE_SIGN_STYLE = Automatic;
				IPHONEOS_DEPLOYMENT_TARGET = 9.0;
				OTHER_LDFLAGS = "-ObjC";
				PRODUCT_NAME = "$(TARGET_NAME)";
				SKIP_INSTALL = YES;
				TARGETED_DEVICE_FAMILY = "1,2";
			};
			name = Release;
		};
/* End XCBuildConfiguration section */

/* Begin XCConfigurationList section */
		A86672F527F6D6B400B7788E /* Build configuration list for PBXProject "ASTCEncoderLibrary" */ = {
			isa = XCConfigurationList;
			buildConfigurations = (
				A866730127F6D6B400B7788E /* Debug */,
				A866730227F6D6B400B7788E /* Release */,
			);
			defaultConfigurationIsVisible = 0;
			defaultConfigurationName = Release;
		};
		A866730327F6D6B400B7788E /* Build configuration list for PBXNativeTarget "ASTCEncoderLibrary" */ = {
			isa = XCConfigurationList;
			buildConfigurations = (
				A866730427F6D6B400B7788E /* Debug */,
				A866730527F6D6B400B7788E /* Release */,
			);
			defaultConfigurationIsVisible = 0;
			defaultConfigurationName = Release;
		};
/* End XCConfigurationList section */
	};
	rootObject = A86672F227F6D6B400B7788E /* Project object */;
}
